// !$*UTF8*$!
{
	archiveVersion = 1;
	classes = {
	};
	objectVersion = 51;
	objects = {

/* Begin PBXBuildFile section */
		2A02F1052594AB5300DC26E1 /* SmallInfoBox.swift in Sources */ = {isa = PBXBuildFile; fileRef = 2A02F1042594AB5300DC26E1 /* SmallInfoBox.swift */; };
		2A02F1082594B5FF00DC26E1 /* BigInfoBox.swift in Sources */ = {isa = PBXBuildFile; fileRef = 2A02F1072594B5FF00DC26E1 /* BigInfoBox.swift */; };
		2A0F2583259241850077DD02 /* Extensions.swift in Sources */ = {isa = PBXBuildFile; fileRef = 2A0F2582259241850077DD02 /* Extensions.swift */; };
		2A0F258B25924CD20077DD02 /* LoginView.swift in Sources */ = {isa = PBXBuildFile; fileRef = 2A0F258A25924CD20077DD02 /* LoginView.swift */; };
		2A0F258F25925C1C0077DD02 /* NetworkService.swift in Sources */ = {isa = PBXBuildFile; fileRef = 2A0F258E25925C1C0077DD02 /* NetworkService.swift */; };
		2A0F259325925C8C0077DD02 /* B2CareService.swift in Sources */ = {isa = PBXBuildFile; fileRef = 2A0F259225925C8C0077DD02 /* B2CareService.swift */; };
		2A0F259625926BD00077DD02 /* UserModel.swift in Sources */ = {isa = PBXBuildFile; fileRef = 2A0F259525926BD00077DD02 /* UserModel.swift */; };
		2A0F2599259333070077DD02 /* PasswordInputField.swift in Sources */ = {isa = PBXBuildFile; fileRef = 2A0F2598259333070077DD02 /* PasswordInputField.swift */; };
		2A0F259C259335010077DD02 /* BaseInputField.swift in Sources */ = {isa = PBXBuildFile; fileRef = 2A0F259B259335010077DD02 /* BaseInputField.swift */; };
		2A0F259F25933FAF0077DD02 /* PatientListViewController.swift in Sources */ = {isa = PBXBuildFile; fileRef = 2A0F259E25933FAF0077DD02 /* PatientListViewController.swift */; };
		2A0F25A2259340B90077DD02 /* PatientCell.swift in Sources */ = {isa = PBXBuildFile; fileRef = 2A0F25A1259340B90077DD02 /* PatientCell.swift */; };
		2A0F25A6259342EE0077DD02 /* SearchField.swift in Sources */ = {isa = PBXBuildFile; fileRef = 2A0F25A5259342EE0077DD02 /* SearchField.swift */; };
		2A0F25AA25935F3A0077DD02 /* MainTabViewController.swift in Sources */ = {isa = PBXBuildFile; fileRef = 2A0F25A925935F3A0077DD02 /* MainTabViewController.swift */; };
		2A0F25AD259360980077DD02 /* SearchPatientViewController.swift in Sources */ = {isa = PBXBuildFile; fileRef = 2A0F25AC259360980077DD02 /* SearchPatientViewController.swift */; };
		2A4D6DE225A5BF050040CFA2 /* GraphsViewController.swift in Sources */ = {isa = PBXBuildFile; fileRef = 2A4D6DE125A5BF050040CFA2 /* GraphsViewController.swift */; };
		2A4D6DE525A5D1780040CFA2 /* SubTitleView.swift in Sources */ = {isa = PBXBuildFile; fileRef = 2A4D6DE425A5D1780040CFA2 /* SubTitleView.swift */; };
		2A4D6DE825A5D52C0040CFA2 /* GraphModel.swift in Sources */ = {isa = PBXBuildFile; fileRef = 2A4D6DE725A5D52C0040CFA2 /* GraphModel.swift */; };
		2A4D6E1525A781AA0040CFA2 /* MainViewController.swift in Sources */ = {isa = PBXBuildFile; fileRef = 2A4D6E1425A781AA0040CFA2 /* MainViewController.swift */; };
		2A5B66EA259A0CF000FF7105 /* DocumentCell.swift in Sources */ = {isa = PBXBuildFile; fileRef = 2A5B66E9259A0CF000FF7105 /* DocumentCell.swift */; };
		2A5B66ED259A0E1E00FF7105 /* DocumentModel.swift in Sources */ = {isa = PBXBuildFile; fileRef = 2A5B66EC259A0E1E00FF7105 /* DocumentModel.swift */; };
		2A5B66F0259A2B8600FF7105 /* documentsData.swift in Sources */ = {isa = PBXBuildFile; fileRef = 2A5B66EF259A2B8600FF7105 /* documentsData.swift */; };
		2A6655E4259FD73C001BCD32 /* HeaderView.swift in Sources */ = {isa = PBXBuildFile; fileRef = 2A6655E3259FD73C001BCD32 /* HeaderView.swift */; };
		2A6655E825A0BD52001BCD32 /* BackButton.swift in Sources */ = {isa = PBXBuildFile; fileRef = 2A6655E725A0BD52001BCD32 /* BackButton.swift */; };
		2A6655ED25A0C6B0001BCD32 /* LoginHeaderView.swift in Sources */ = {isa = PBXBuildFile; fileRef = 2A6655EC25A0C6B0001BCD32 /* LoginHeaderView.swift */; };
		2A71E1EB2598DB80002FE11A /* MedicationModel.swift in Sources */ = {isa = PBXBuildFile; fileRef = 2A71E1EA2598DB80002FE11A /* MedicationModel.swift */; };
		2A71E1EE2598DBFD002FE11A /* AddressModel.swift in Sources */ = {isa = PBXBuildFile; fileRef = 2A71E1ED2598DBFD002FE11A /* AddressModel.swift */; };
		2A71E1F12598DC78002FE11A /* ContactModel.swift in Sources */ = {isa = PBXBuildFile; fileRef = 2A71E1F02598DC78002FE11A /* ContactModel.swift */; };
		2A71E1F42598DD13002FE11A /* DoctorModel.swift in Sources */ = {isa = PBXBuildFile; fileRef = 2A71E1F32598DD13002FE11A /* DoctorModel.swift */; };
		2A71E1F72598F2D4002FE11A /* LocationModel.swift in Sources */ = {isa = PBXBuildFile; fileRef = 2A71E1F62598F2D4002FE11A /* LocationModel.swift */; };
		2A71E1FA2598F2EB002FE11A /* DiagnosisModel.swift in Sources */ = {isa = PBXBuildFile; fileRef = 2A71E1F92598F2EB002FE11A /* DiagnosisModel.swift */; };
		2A71E1FD2598F302002FE11A /* HospitalizationModel.swift in Sources */ = {isa = PBXBuildFile; fileRef = 2A71E1FC2598F302002FE11A /* HospitalizationModel.swift */; };
		2A71E20025993904002FE11A /* PatientMenuViewController.swift in Sources */ = {isa = PBXBuildFile; fileRef = 2A71E1FF25993904002FE11A /* PatientMenuViewController.swift */; };
		2A71E204259A0A80002FE11A /* DocumentsViewController.swift in Sources */ = {isa = PBXBuildFile; fileRef = 2A71E203259A0A7F002FE11A /* DocumentsViewController.swift */; };
		2A7EA3762596590A00CD8402 /* PatientResponse.swift in Sources */ = {isa = PBXBuildFile; fileRef = 2A7EA3752596590A00CD8402 /* PatientResponse.swift */; };
		2A7EA37925965B5A00CD8402 /* PatientModel.swift in Sources */ = {isa = PBXBuildFile; fileRef = 2A7EA37825965B5A00CD8402 /* PatientModel.swift */; };
		2A7EA37D25965B7B00CD8402 /* AlergyModel.swift in Sources */ = {isa = PBXBuildFile; fileRef = 2A7EA37C25965B7B00CD8402 /* AlergyModel.swift */; };
		2A7EA38125965B9100CD8402 /* PersonModel.swift in Sources */ = {isa = PBXBuildFile; fileRef = 2A7EA38025965B9100CD8402 /* PersonModel.swift */; };
		2A7EA38425965BAB00CD8402 /* GenderModel.swift in Sources */ = {isa = PBXBuildFile; fileRef = 2A7EA38325965BAB00CD8402 /* GenderModel.swift */; };
		2A7EA390259670B000CD8402 /* PatientDetailsView.swift in Sources */ = {isa = PBXBuildFile; fileRef = 2A7EA38F259670B000CD8402 /* PatientDetailsView.swift */; };
		2A7EA39925968D4900CD8402 /* ContactSmallInfoBox.swift in Sources */ = {isa = PBXBuildFile; fileRef = 2A7EA39825968D4900CD8402 /* ContactSmallInfoBox.swift */; };
		2A888FA52593799100B6E5DC /* PatientsResponse.swift in Sources */ = {isa = PBXBuildFile; fileRef = 2A888FA42593799100B6E5DC /* PatientsResponse.swift */; };
		2A888FAB2593FAC200B6E5DC /* UserButton.swift in Sources */ = {isa = PBXBuildFile; fileRef = 2A888FAA2593FAC200B6E5DC /* UserButton.swift */; };
		2A8E35AE25A114A400AE263D /* BaseViewController.swift in Sources */ = {isa = PBXBuildFile; fileRef = 2A8E35AD25A114A400AE263D /* BaseViewController.swift */; };
		2A8E35B125A13AA500AE263D /* BlurLoader.swift in Sources */ = {isa = PBXBuildFile; fileRef = 2A8E35B025A13AA500AE263D /* BlurLoader.swift */; };
		2A93CEEC25923EF700431A1C /* AppDelegate.swift in Sources */ = {isa = PBXBuildFile; fileRef = 2A93CEEB25923EF700431A1C /* AppDelegate.swift */; };
		2A93CEEE25923EF700431A1C /* SceneDelegate.swift in Sources */ = {isa = PBXBuildFile; fileRef = 2A93CEED25923EF700431A1C /* SceneDelegate.swift */; };
		2A93CEF025923EF700431A1C /* LoginViewController.swift in Sources */ = {isa = PBXBuildFile; fileRef = 2A93CEEF25923EF700431A1C /* LoginViewController.swift */; };
		2A93CEF525923EF900431A1C /* Assets.xcassets in Resources */ = {isa = PBXBuildFile; fileRef = 2A93CEF425923EF900431A1C /* Assets.xcassets */; };
		2A93CEF825923EF900431A1C /* LaunchScreen.storyboard in Resources */ = {isa = PBXBuildFile; fileRef = 2A93CEF625923EF900431A1C /* LaunchScreen.storyboard */; };
		2AB71B3325936B6000965423 /* PatientDetailViewController.swift in Sources */ = {isa = PBXBuildFile; fileRef = 2AB71B3225936B6000965423 /* PatientDetailViewController.swift */; };
		2AFC763F25A5B58400B7E798 /* BarChartViewController.swift in Sources */ = {isa = PBXBuildFile; fileRef = 2AFC763E25A5B58400B7E798 /* BarChartViewController.swift */; };
		427197C6A16CD8F863417A11 /* Pods_B2Care.framework in Frameworks */ = {isa = PBXBuildFile; fileRef = 492B1729EB01DC0BAEAF2B5C /* Pods_B2Care.framework */; };
/* End PBXBuildFile section */

/* Begin PBXFileReference section */
		2A02F1042594AB5300DC26E1 /* SmallInfoBox.swift */ = {isa = PBXFileReference; lastKnownFileType = sourcecode.swift; path = SmallInfoBox.swift; sourceTree = "<group>"; };
		2A02F1072594B5FF00DC26E1 /* BigInfoBox.swift */ = {isa = PBXFileReference; lastKnownFileType = sourcecode.swift; path = BigInfoBox.swift; sourceTree = "<group>"; };
		2A0F2582259241850077DD02 /* Extensions.swift */ = {isa = PBXFileReference; lastKnownFileType = sourcecode.swift; path = Extensions.swift; sourceTree = "<group>"; };
		2A0F258A25924CD20077DD02 /* LoginView.swift */ = {isa = PBXFileReference; lastKnownFileType = sourcecode.swift; path = LoginView.swift; sourceTree = "<group>"; };
		2A0F258E25925C1C0077DD02 /* NetworkService.swift */ = {isa = PBXFileReference; lastKnownFileType = sourcecode.swift; path = NetworkService.swift; sourceTree = "<group>"; };
		2A0F259225925C8C0077DD02 /* B2CareService.swift */ = {isa = PBXFileReference; lastKnownFileType = sourcecode.swift; path = B2CareService.swift; sourceTree = "<group>"; };
		2A0F259525926BD00077DD02 /* UserModel.swift */ = {isa = PBXFileReference; lastKnownFileType = sourcecode.swift; path = UserModel.swift; sourceTree = "<group>"; };
		2A0F2598259333070077DD02 /* PasswordInputField.swift */ = {isa = PBXFileReference; lastKnownFileType = sourcecode.swift; path = PasswordInputField.swift; sourceTree = "<group>"; };
		2A0F259B259335010077DD02 /* BaseInputField.swift */ = {isa = PBXFileReference; lastKnownFileType = sourcecode.swift; path = BaseInputField.swift; sourceTree = "<group>"; };
		2A0F259E25933FAF0077DD02 /* PatientListViewController.swift */ = {isa = PBXFileReference; lastKnownFileType = sourcecode.swift; path = PatientListViewController.swift; sourceTree = "<group>"; };
		2A0F25A1259340B90077DD02 /* PatientCell.swift */ = {isa = PBXFileReference; lastKnownFileType = sourcecode.swift; path = PatientCell.swift; sourceTree = "<group>"; };
		2A0F25A5259342EE0077DD02 /* SearchField.swift */ = {isa = PBXFileReference; lastKnownFileType = sourcecode.swift; path = SearchField.swift; sourceTree = "<group>"; };
		2A0F25A925935F3A0077DD02 /* MainTabViewController.swift */ = {isa = PBXFileReference; lastKnownFileType = sourcecode.swift; path = MainTabViewController.swift; sourceTree = "<group>"; };
		2A0F25AC259360980077DD02 /* SearchPatientViewController.swift */ = {isa = PBXFileReference; lastKnownFileType = sourcecode.swift; path = SearchPatientViewController.swift; sourceTree = "<group>"; };
		2A4D6DE125A5BF050040CFA2 /* GraphsViewController.swift */ = {isa = PBXFileReference; lastKnownFileType = sourcecode.swift; path = GraphsViewController.swift; sourceTree = "<group>"; };
		2A4D6DE425A5D1780040CFA2 /* SubTitleView.swift */ = {isa = PBXFileReference; lastKnownFileType = sourcecode.swift; path = SubTitleView.swift; sourceTree = "<group>"; };
		2A4D6DE725A5D52C0040CFA2 /* GraphModel.swift */ = {isa = PBXFileReference; lastKnownFileType = sourcecode.swift; path = GraphModel.swift; sourceTree = "<group>"; };
		2A4D6E1425A781AA0040CFA2 /* MainViewController.swift */ = {isa = PBXFileReference; lastKnownFileType = sourcecode.swift; path = MainViewController.swift; sourceTree = "<group>"; };
		2A5B66E9259A0CF000FF7105 /* DocumentCell.swift */ = {isa = PBXFileReference; lastKnownFileType = sourcecode.swift; path = DocumentCell.swift; sourceTree = "<group>"; };
		2A5B66EC259A0E1E00FF7105 /* DocumentModel.swift */ = {isa = PBXFileReference; lastKnownFileType = sourcecode.swift; path = DocumentModel.swift; sourceTree = "<group>"; };
		2A5B66EF259A2B8600FF7105 /* documentsData.swift */ = {isa = PBXFileReference; lastKnownFileType = sourcecode.swift; path = documentsData.swift; sourceTree = "<group>"; };
		2A6655E3259FD73C001BCD32 /* HeaderView.swift */ = {isa = PBXFileReference; lastKnownFileType = sourcecode.swift; path = HeaderView.swift; sourceTree = "<group>"; };
		2A6655E725A0BD52001BCD32 /* BackButton.swift */ = {isa = PBXFileReference; lastKnownFileType = sourcecode.swift; path = BackButton.swift; sourceTree = "<group>"; };
		2A6655EC25A0C6B0001BCD32 /* LoginHeaderView.swift */ = {isa = PBXFileReference; fileEncoding = 4; lastKnownFileType = sourcecode.swift; path = LoginHeaderView.swift; sourceTree = "<group>"; };
		2A71E1EA2598DB80002FE11A /* MedicationModel.swift */ = {isa = PBXFileReference; lastKnownFileType = sourcecode.swift; path = MedicationModel.swift; sourceTree = "<group>"; };
		2A71E1ED2598DBFD002FE11A /* AddressModel.swift */ = {isa = PBXFileReference; lastKnownFileType = sourcecode.swift; path = AddressModel.swift; sourceTree = "<group>"; };
		2A71E1F02598DC78002FE11A /* ContactModel.swift */ = {isa = PBXFileReference; lastKnownFileType = sourcecode.swift; path = ContactModel.swift; sourceTree = "<group>"; };
		2A71E1F32598DD13002FE11A /* DoctorModel.swift */ = {isa = PBXFileReference; lastKnownFileType = sourcecode.swift; path = DoctorModel.swift; sourceTree = "<group>"; };
		2A71E1F62598F2D4002FE11A /* LocationModel.swift */ = {isa = PBXFileReference; lastKnownFileType = sourcecode.swift; path = LocationModel.swift; sourceTree = "<group>"; };
		2A71E1F92598F2EB002FE11A /* DiagnosisModel.swift */ = {isa = PBXFileReference; lastKnownFileType = sourcecode.swift; path = DiagnosisModel.swift; sourceTree = "<group>"; };
		2A71E1FC2598F302002FE11A /* HospitalizationModel.swift */ = {isa = PBXFileReference; lastKnownFileType = sourcecode.swift; path = HospitalizationModel.swift; sourceTree = "<group>"; };
		2A71E1FF25993904002FE11A /* PatientMenuViewController.swift */ = {isa = PBXFileReference; lastKnownFileType = sourcecode.swift; path = PatientMenuViewController.swift; sourceTree = "<group>"; };
		2A71E203259A0A7F002FE11A /* DocumentsViewController.swift */ = {isa = PBXFileReference; lastKnownFileType = sourcecode.swift; path = DocumentsViewController.swift; sourceTree = "<group>"; };
		2A7EA3752596590A00CD8402 /* PatientResponse.swift */ = {isa = PBXFileReference; lastKnownFileType = sourcecode.swift; path = PatientResponse.swift; sourceTree = "<group>"; };
		2A7EA37825965B5A00CD8402 /* PatientModel.swift */ = {isa = PBXFileReference; lastKnownFileType = sourcecode.swift; path = PatientModel.swift; sourceTree = "<group>"; };
		2A7EA37C25965B7B00CD8402 /* AlergyModel.swift */ = {isa = PBXFileReference; lastKnownFileType = sourcecode.swift; path = AlergyModel.swift; sourceTree = "<group>"; };
		2A7EA38025965B9100CD8402 /* PersonModel.swift */ = {isa = PBXFileReference; lastKnownFileType = sourcecode.swift; path = PersonModel.swift; sourceTree = "<group>"; };
		2A7EA38325965BAB00CD8402 /* GenderModel.swift */ = {isa = PBXFileReference; lastKnownFileType = sourcecode.swift; path = GenderModel.swift; sourceTree = "<group>"; };
		2A7EA38F259670B000CD8402 /* PatientDetailsView.swift */ = {isa = PBXFileReference; lastKnownFileType = sourcecode.swift; path = PatientDetailsView.swift; sourceTree = "<group>"; };
		2A7EA39825968D4900CD8402 /* ContactSmallInfoBox.swift */ = {isa = PBXFileReference; lastKnownFileType = sourcecode.swift; path = ContactSmallInfoBox.swift; sourceTree = "<group>"; };
		2A888FA42593799100B6E5DC /* PatientsResponse.swift */ = {isa = PBXFileReference; lastKnownFileType = sourcecode.swift; path = PatientsResponse.swift; sourceTree = "<group>"; };
		2A888FAA2593FAC200B6E5DC /* UserButton.swift */ = {isa = PBXFileReference; lastKnownFileType = sourcecode.swift; path = UserButton.swift; sourceTree = "<group>"; };
		2A8E35AD25A114A400AE263D /* BaseViewController.swift */ = {isa = PBXFileReference; lastKnownFileType = sourcecode.swift; path = BaseViewController.swift; sourceTree = "<group>"; };
		2A8E35B025A13AA500AE263D /* BlurLoader.swift */ = {isa = PBXFileReference; lastKnownFileType = sourcecode.swift; path = BlurLoader.swift; sourceTree = "<group>"; };
		2A93CEE825923EF700431A1C /* B2Care.app */ = {isa = PBXFileReference; explicitFileType = wrapper.application; includeInIndex = 0; path = B2Care.app; sourceTree = BUILT_PRODUCTS_DIR; };
		2A93CEEB25923EF700431A1C /* AppDelegate.swift */ = {isa = PBXFileReference; lastKnownFileType = sourcecode.swift; path = AppDelegate.swift; sourceTree = "<group>"; };
		2A93CEED25923EF700431A1C /* SceneDelegate.swift */ = {isa = PBXFileReference; lastKnownFileType = sourcecode.swift; path = SceneDelegate.swift; sourceTree = "<group>"; };
		2A93CEEF25923EF700431A1C /* LoginViewController.swift */ = {isa = PBXFileReference; lastKnownFileType = sourcecode.swift; path = LoginViewController.swift; sourceTree = "<group>"; };
		2A93CEF425923EF900431A1C /* Assets.xcassets */ = {isa = PBXFileReference; lastKnownFileType = folder.assetcatalog; path = Assets.xcassets; sourceTree = "<group>"; };
		2A93CEF725923EF900431A1C /* Base */ = {isa = PBXFileReference; lastKnownFileType = file.storyboard; name = Base; path = Base.lproj/LaunchScreen.storyboard; sourceTree = "<group>"; };
		2A93CEF925923EF900431A1C /* Info.plist */ = {isa = PBXFileReference; lastKnownFileType = text.plist.xml; path = Info.plist; sourceTree = "<group>"; };
		2AB71B3225936B6000965423 /* PatientDetailViewController.swift */ = {isa = PBXFileReference; lastKnownFileType = sourcecode.swift; path = PatientDetailViewController.swift; sourceTree = "<group>"; };
		2AFC763E25A5B58400B7E798 /* BarChartViewController.swift */ = {isa = PBXFileReference; lastKnownFileType = sourcecode.swift; path = BarChartViewController.swift; sourceTree = "<group>"; };
		492B1729EB01DC0BAEAF2B5C /* Pods_B2Care.framework */ = {isa = PBXFileReference; explicitFileType = wrapper.framework; includeInIndex = 0; path = Pods_B2Care.framework; sourceTree = BUILT_PRODUCTS_DIR; };
		6C1A9A092E7507916B288014 /* Pods-B2Care.debug.xcconfig */ = {isa = PBXFileReference; includeInIndex = 1; lastKnownFileType = text.xcconfig; name = "Pods-B2Care.debug.xcconfig"; path = "Target Support Files/Pods-B2Care/Pods-B2Care.debug.xcconfig"; sourceTree = "<group>"; };
		CD563619FBD6ECE4579FCEF2 /* Pods-B2Care.release.xcconfig */ = {isa = PBXFileReference; includeInIndex = 1; lastKnownFileType = text.xcconfig; name = "Pods-B2Care.release.xcconfig"; path = "Target Support Files/Pods-B2Care/Pods-B2Care.release.xcconfig"; sourceTree = "<group>"; };
/* End PBXFileReference section */

/* Begin PBXFrameworksBuildPhase section */
		2A93CEE525923EF700431A1C /* Frameworks */ = {
			isa = PBXFrameworksBuildPhase;
			buildActionMask = 2147483647;
			files = (
				427197C6A16CD8F863417A11 /* Pods_B2Care.framework in Frameworks */,
			);
			runOnlyForDeploymentPostprocessing = 0;
		};
/* End PBXFrameworksBuildPhase section */

/* Begin PBXGroup section */
		2A0F257A259240C30077DD02 /* Helping Files */ = {
			isa = PBXGroup;
			children = (
				2A93CEEB25923EF700431A1C /* AppDelegate.swift */,
				2A93CEED25923EF700431A1C /* SceneDelegate.swift */,
			);
			path = "Helping Files";
			sourceTree = "<group>";
		};
		2A0F257B259240CD0077DD02 /* Utils */ = {
			isa = PBXGroup;
			children = (
				2A0F2582259241850077DD02 /* Extensions.swift */,
			);
			path = Utils;
			sourceTree = "<group>";
		};
		2A0F257C259240D40077DD02 /* Controller */ = {
			isa = PBXGroup;
			children = (
				2A93CEEF25923EF700431A1C /* LoginViewController.swift */,
				2A0F259E25933FAF0077DD02 /* PatientListViewController.swift */,
				2A0F25A925935F3A0077DD02 /* MainTabViewController.swift */,
				2A0F25AC259360980077DD02 /* SearchPatientViewController.swift */,
				2AB71B3225936B6000965423 /* PatientDetailViewController.swift */,
				2A71E1FF25993904002FE11A /* PatientMenuViewController.swift */,
				2A71E203259A0A7F002FE11A /* DocumentsViewController.swift */,
				2A8E35AD25A114A400AE263D /* BaseViewController.swift */,
				2AFC763E25A5B58400B7E798 /* BarChartViewController.swift */,
				2A4D6DE125A5BF050040CFA2 /* GraphsViewController.swift */,
				2A4D6E1425A781AA0040CFA2 /* MainViewController.swift */,
			);
			path = Controller;
			sourceTree = "<group>";
		};
		2A0F257D259240DC0077DD02 /* View */ = {
			isa = PBXGroup;
			children = (
				2A6655EF25A0E55D001BCD32 /* Cells */,
				2A6655E625A0BD10001BCD32 /* Buttons */,
				2A7EA39B25968D7000CD8402 /* InfoBox */,
				2A7EA38A25966D1C00CD8402 /* Headers */,
				2A0F25A4259342CC0077DD02 /* Inputs */,
				2A0F258A25924CD20077DD02 /* LoginView.swift */,
				2A7EA38F259670B000CD8402 /* PatientDetailsView.swift */,
				2A8E35B025A13AA500AE263D /* BlurLoader.swift */,
			);
			path = View;
			sourceTree = "<group>";
		};
		2A0F257E259240E00077DD02 /* Model */ = {
			isa = PBXGroup;
			children = (
				2A5B66F7259C81B100FF7105 /* Hard Coded Data */,
				2A5B66F6259C817900FF7105 /* Response */,
				2A0F258D25925BF20077DD02 /* Services */,
				2A0F259525926BD00077DD02 /* UserModel.swift */,
				2A7EA37825965B5A00CD8402 /* PatientModel.swift */,
				2A7EA37C25965B7B00CD8402 /* AlergyModel.swift */,
				2A7EA38025965B9100CD8402 /* PersonModel.swift */,
				2A7EA38325965BAB00CD8402 /* GenderModel.swift */,
				2A71E1EA2598DB80002FE11A /* MedicationModel.swift */,
				2A71E1ED2598DBFD002FE11A /* AddressModel.swift */,
				2A71E1F02598DC78002FE11A /* ContactModel.swift */,
				2A71E1F32598DD13002FE11A /* DoctorModel.swift */,
				2A71E1F62598F2D4002FE11A /* LocationModel.swift */,
				2A71E1F92598F2EB002FE11A /* DiagnosisModel.swift */,
				2A71E1FC2598F302002FE11A /* HospitalizationModel.swift */,
				2A5B66EC259A0E1E00FF7105 /* DocumentModel.swift */,
				2A4D6DE725A5D52C0040CFA2 /* GraphModel.swift */,
			);
			path = Model;
			sourceTree = "<group>";
		};
		2A0F258D25925BF20077DD02 /* Services */ = {
			isa = PBXGroup;
			children = (
				2A0F258E25925C1C0077DD02 /* NetworkService.swift */,
				2A0F259225925C8C0077DD02 /* B2CareService.swift */,
			);
			path = Services;
			sourceTree = "<group>";
		};
		2A0F25A4259342CC0077DD02 /* Inputs */ = {
			isa = PBXGroup;
			children = (
				2A0F2598259333070077DD02 /* PasswordInputField.swift */,
				2A0F259B259335010077DD02 /* BaseInputField.swift */,
				2A0F25A5259342EE0077DD02 /* SearchField.swift */,
			);
			path = Inputs;
			sourceTree = "<group>";
		};
		2A5B66F6259C817900FF7105 /* Response */ = {
			isa = PBXGroup;
			children = (
				2A888FA42593799100B6E5DC /* PatientsResponse.swift */,
				2A7EA3752596590A00CD8402 /* PatientResponse.swift */,
			);
			path = Response;
			sourceTree = "<group>";
		};
		2A5B66F7259C81B100FF7105 /* Hard Coded Data */ = {
			isa = PBXGroup;
			children = (
				2A5B66EF259A2B8600FF7105 /* documentsData.swift */,
			);
			path = "Hard Coded Data";
			sourceTree = "<group>";
		};
		2A6655E625A0BD10001BCD32 /* Buttons */ = {
			isa = PBXGroup;
			children = (
				2A888FAA2593FAC200B6E5DC /* UserButton.swift */,
				2A6655E725A0BD52001BCD32 /* BackButton.swift */,
			);
			path = Buttons;
			sourceTree = "<group>";
		};
		2A6655EF25A0E55D001BCD32 /* Cells */ = {
			isa = PBXGroup;
			children = (
				2A0F25A1259340B90077DD02 /* PatientCell.swift */,
				2A5B66E9259A0CF000FF7105 /* DocumentCell.swift */,
			);
			path = Cells;
			sourceTree = "<group>";
		};
		2A7EA38A25966D1C00CD8402 /* Headers */ = {
			isa = PBXGroup;
			children = (
				2A6655EC25A0C6B0001BCD32 /* LoginHeaderView.swift */,
				2A6655E3259FD73C001BCD32 /* HeaderView.swift */,
				2A4D6DE425A5D1780040CFA2 /* SubTitleView.swift */,
			);
			path = Headers;
			sourceTree = "<group>";
		};
		2A7EA39B25968D7000CD8402 /* InfoBox */ = {
			isa = PBXGroup;
			children = (
				2A02F1042594AB5300DC26E1 /* SmallInfoBox.swift */,
				2A02F1072594B5FF00DC26E1 /* BigInfoBox.swift */,
				2A7EA39825968D4900CD8402 /* ContactSmallInfoBox.swift */,
			);
			path = InfoBox;
			sourceTree = "<group>";
		};
		2A93CEDF25923EF700431A1C = {
			isa = PBXGroup;
			children = (
				2A93CEEA25923EF700431A1C /* B2Care */,
				2A93CEE925923EF700431A1C /* Products */,
				CA971F39D8A1ABEFDDD18787 /* Pods */,
				5942B928F83A5B56C34E0E8C /* Frameworks */,
			);
			sourceTree = "<group>";
		};
		2A93CEE925923EF700431A1C /* Products */ = {
			isa = PBXGroup;
			children = (
				2A93CEE825923EF700431A1C /* B2Care.app */,
			);
			name = Products;
			sourceTree = "<group>";
		};
		2A93CEEA25923EF700431A1C /* B2Care */ = {
			isa = PBXGroup;
			children = (
				2A0F257E259240E00077DD02 /* Model */,
				2A0F257D259240DC0077DD02 /* View */,
				2A0F257C259240D40077DD02 /* Controller */,
				2A0F257B259240CD0077DD02 /* Utils */,
				2A0F257A259240C30077DD02 /* Helping Files */,
				2A93CEF425923EF900431A1C /* Assets.xcassets */,
				2A93CEF625923EF900431A1C /* LaunchScreen.storyboard */,
				2A93CEF925923EF900431A1C /* Info.plist */,
			);
			path = B2Care;
			sourceTree = "<group>";
		};
		5942B928F83A5B56C34E0E8C /* Frameworks */ = {
			isa = PBXGroup;
			children = (
				492B1729EB01DC0BAEAF2B5C /* Pods_B2Care.framework */,
			);
			name = Frameworks;
			sourceTree = "<group>";
		};
		CA971F39D8A1ABEFDDD18787 /* Pods */ = {
			isa = PBXGroup;
			children = (
				6C1A9A092E7507916B288014 /* Pods-B2Care.debug.xcconfig */,
				CD563619FBD6ECE4579FCEF2 /* Pods-B2Care.release.xcconfig */,
			);
			path = Pods;
			sourceTree = "<group>";
		};
/* End PBXGroup section */

/* Begin PBXNativeTarget section */
		2A93CEE725923EF700431A1C /* B2Care */ = {
			isa = PBXNativeTarget;
			buildConfigurationList = 2A93CEFC25923EF900431A1C /* Build configuration list for PBXNativeTarget "B2Care" */;
			buildPhases = (
				0A87210A1982545C3B83B95D /* [CP] Check Pods Manifest.lock */,
				2A93CEE425923EF700431A1C /* Sources */,
				2A93CEE525923EF700431A1C /* Frameworks */,
				2A93CEE625923EF700431A1C /* Resources */,
				E4625ADF73BA1D302D2BA30C /* [CP] Embed Pods Frameworks */,
			);
			buildRules = (
			);
			dependencies = (
			);
			name = B2Care;
			productName = B2Care;
			productReference = 2A93CEE825923EF700431A1C /* B2Care.app */;
			productType = "com.apple.product-type.application";
		};
/* End PBXNativeTarget section */

/* Begin PBXProject section */
		2A93CEE025923EF700431A1C /* Project object */ = {
			isa = PBXProject;
			attributes = {
				LastSwiftUpdateCheck = 1220;
				LastUpgradeCheck = 1220;
				TargetAttributes = {
					2A93CEE725923EF700431A1C = {
						CreatedOnToolsVersion = 12.2;
					};
				};
			};
			buildConfigurationList = 2A93CEE325923EF700431A1C /* Build configuration list for PBXProject "B2Care" */;
			compatibilityVersion = "Xcode 9.3";
			developmentRegion = en;
			hasScannedForEncodings = 0;
			knownRegions = (
				en,
				Base,
			);
			mainGroup = 2A93CEDF25923EF700431A1C;
			productRefGroup = 2A93CEE925923EF700431A1C /* Products */;
			projectDirPath = "";
			projectRoot = "";
			targets = (
				2A93CEE725923EF700431A1C /* B2Care */,
			);
		};
/* End PBXProject section */

/* Begin PBXResourcesBuildPhase section */
		2A93CEE625923EF700431A1C /* Resources */ = {
			isa = PBXResourcesBuildPhase;
			buildActionMask = 2147483647;
			files = (
				2A93CEF825923EF900431A1C /* LaunchScreen.storyboard in Resources */,
				2A93CEF525923EF900431A1C /* Assets.xcassets in Resources */,
			);
			runOnlyForDeploymentPostprocessing = 0;
		};
/* End PBXResourcesBuildPhase section */

/* Begin PBXShellScriptBuildPhase section */
		0A87210A1982545C3B83B95D /* [CP] Check Pods Manifest.lock */ = {
			isa = PBXShellScriptBuildPhase;
			buildActionMask = 2147483647;
			files = (
			);
			inputFileListPaths = (
			);
			inputPaths = (
				"${PODS_PODFILE_DIR_PATH}/Podfile.lock",
				"${PODS_ROOT}/Manifest.lock",
			);
			name = "[CP] Check Pods Manifest.lock";
			outputFileListPaths = (
			);
			outputPaths = (
				"$(DERIVED_FILE_DIR)/Pods-B2Care-checkManifestLockResult.txt",
			);
			runOnlyForDeploymentPostprocessing = 0;
			shellPath = /bin/sh;
			shellScript = "diff \"${PODS_PODFILE_DIR_PATH}/Podfile.lock\" \"${PODS_ROOT}/Manifest.lock\" > /dev/null\nif [ $? != 0 ] ; then\n    # print error to STDERR\n    echo \"error: The sandbox is not in sync with the Podfile.lock. Run 'pod install' or update your CocoaPods installation.\" >&2\n    exit 1\nfi\n# This output is used by Xcode 'outputs' to avoid re-running this script phase.\necho \"SUCCESS\" > \"${SCRIPT_OUTPUT_FILE_0}\"\n";
			showEnvVarsInLog = 0;
		};
		E4625ADF73BA1D302D2BA30C /* [CP] Embed Pods Frameworks */ = {
			isa = PBXShellScriptBuildPhase;
			buildActionMask = 2147483647;
			files = (
			);
			inputFileListPaths = (
				"${PODS_ROOT}/Target Support Files/Pods-B2Care/Pods-B2Care-frameworks-${CONFIGURATION}-input-files.xcfilelist",
			);
			name = "[CP] Embed Pods Frameworks";
			outputFileListPaths = (
				"${PODS_ROOT}/Target Support Files/Pods-B2Care/Pods-B2Care-frameworks-${CONFIGURATION}-output-files.xcfilelist",
			);
			runOnlyForDeploymentPostprocessing = 0;
			shellPath = /bin/sh;
			shellScript = "\"${PODS_ROOT}/Target Support Files/Pods-B2Care/Pods-B2Care-frameworks.sh\"\n";
			showEnvVarsInLog = 0;
		};
/* End PBXShellScriptBuildPhase section */

/* Begin PBXSourcesBuildPhase section */
		2A93CEE425923EF700431A1C /* Sources */ = {
			isa = PBXSourcesBuildPhase;
			buildActionMask = 2147483647;
			files = (
				2A7EA38425965BAB00CD8402 /* GenderModel.swift in Sources */,
				2A7EA38125965B9100CD8402 /* PersonModel.swift in Sources */,
				2A7EA37D25965B7B00CD8402 /* AlergyModel.swift in Sources */,
				2A71E1F72598F2D4002FE11A /* LocationModel.swift in Sources */,
				2A7EA390259670B000CD8402 /* PatientDetailsView.swift in Sources */,
				2A0F258B25924CD20077DD02 /* LoginView.swift in Sources */,
				2A5B66EA259A0CF000FF7105 /* DocumentCell.swift in Sources */,
				2A71E1FD2598F302002FE11A /* HospitalizationModel.swift in Sources */,
				2A0F25AD259360980077DD02 /* SearchPatientViewController.swift in Sources */,
				2A6655E4259FD73C001BCD32 /* HeaderView.swift in Sources */,
				2A71E1EB2598DB80002FE11A /* MedicationModel.swift in Sources */,
				2A71E1F42598DD13002FE11A /* DoctorModel.swift in Sources */,
				2A5B66ED259A0E1E00FF7105 /* DocumentModel.swift in Sources */,
				2A888FA52593799100B6E5DC /* PatientsResponse.swift in Sources */,
				2A02F1082594B5FF00DC26E1 /* BigInfoBox.swift in Sources */,
				2A0F259F25933FAF0077DD02 /* PatientListViewController.swift in Sources */,
				2A02F1052594AB5300DC26E1 /* SmallInfoBox.swift in Sources */,
				2A6655E825A0BD52001BCD32 /* BackButton.swift in Sources */,
				2A93CEF025923EF700431A1C /* LoginViewController.swift in Sources */,
				2A4D6DE225A5BF050040CFA2 /* GraphsViewController.swift in Sources */,
				2A4D6DE525A5D1780040CFA2 /* SubTitleView.swift in Sources */,
				2A71E1EE2598DBFD002FE11A /* AddressModel.swift in Sources */,
				2A0F25A6259342EE0077DD02 /* SearchField.swift in Sources */,
				2A0F25AA25935F3A0077DD02 /* MainTabViewController.swift in Sources */,
				2A71E1F12598DC78002FE11A /* ContactModel.swift in Sources */,
				2A0F25A2259340B90077DD02 /* PatientCell.swift in Sources */,
				2A93CEEC25923EF700431A1C /* AppDelegate.swift in Sources */,
				2A93CEEE25923EF700431A1C /* SceneDelegate.swift in Sources */,
				2A0F2583259241850077DD02 /* Extensions.swift in Sources */,
				2A8E35B125A13AA500AE263D /* BlurLoader.swift in Sources */,
				2A71E20025993904002FE11A /* PatientMenuViewController.swift in Sources */,
				2A5B66F0259A2B8600FF7105 /* documentsData.swift in Sources */,
				2A8E35AE25A114A400AE263D /* BaseViewController.swift in Sources */,
				2A6655ED25A0C6B0001BCD32 /* LoginHeaderView.swift in Sources */,
				2A0F259325925C8C0077DD02 /* B2CareService.swift in Sources */,
				2A0F259625926BD00077DD02 /* UserModel.swift in Sources */,
				2A0F2599259333070077DD02 /* PasswordInputField.swift in Sources */,
				2A0F258F25925C1C0077DD02 /* NetworkService.swift in Sources */,
				2A4D6E1525A781AA0040CFA2 /* MainViewController.swift in Sources */,
				2A7EA37925965B5A00CD8402 /* PatientModel.swift in Sources */,
				2A71E1FA2598F2EB002FE11A /* DiagnosisModel.swift in Sources */,
				2AFC763F25A5B58400B7E798 /* BarChartViewController.swift in Sources */,
				2AB71B3325936B6000965423 /* PatientDetailViewController.swift in Sources */,
				2A888FAB2593FAC200B6E5DC /* UserButton.swift in Sources */,
				2A4D6DE825A5D52C0040CFA2 /* GraphModel.swift in Sources */,
				2A0F259C259335010077DD02 /* BaseInputField.swift in Sources */,
				2A71E204259A0A80002FE11A /* DocumentsViewController.swift in Sources */,
				2A7EA3762596590A00CD8402 /* PatientResponse.swift in Sources */,
				2A7EA39925968D4900CD8402 /* ContactSmallInfoBox.swift in Sources */,
			);
			runOnlyForDeploymentPostprocessing = 0;
		};
/* End PBXSourcesBuildPhase section */

/* Begin PBXVariantGroup section */
		2A93CEF625923EF900431A1C /* LaunchScreen.storyboard */ = {
			isa = PBXVariantGroup;
			children = (
				2A93CEF725923EF900431A1C /* Base */,
			);
			name = LaunchScreen.storyboard;
			sourceTree = "<group>";
		};
/* End PBXVariantGroup section */

/* Begin XCBuildConfiguration section */
		2A93CEFA25923EF900431A1C /* Debug */ = {
			isa = XCBuildConfiguration;
			buildSettings = {
				ALWAYS_SEARCH_USER_PATHS = NO;
				CLANG_ANALYZER_NONNULL = YES;
				CLANG_ANALYZER_NUMBER_OBJECT_CONVERSION = YES_AGGRESSIVE;
				CLANG_CXX_LANGUAGE_STANDARD = "gnu++14";
				CLANG_CXX_LIBRARY = "libc++";
				CLANG_ENABLE_MODULES = YES;
				CLANG_ENABLE_OBJC_ARC = YES;
				CLANG_ENABLE_OBJC_WEAK = YES;
				CLANG_WARN_BLOCK_CAPTURE_AUTORELEASING = YES;
				CLANG_WARN_BOOL_CONVERSION = YES;
				CLANG_WARN_COMMA = YES;
				CLANG_WARN_CONSTANT_CONVERSION = YES;
				CLANG_WARN_DEPRECATED_OBJC_IMPLEMENTATIONS = YES;
				CLANG_WARN_DIRECT_OBJC_ISA_USAGE = YES_ERROR;
				CLANG_WARN_DOCUMENTATION_COMMENTS = YES;
				CLANG_WARN_EMPTY_BODY = YES;
				CLANG_WARN_ENUM_CONVERSION = YES;
				CLANG_WARN_INFINITE_RECURSION = YES;
				CLANG_WARN_INT_CONVERSION = YES;
				CLANG_WARN_NON_LITERAL_NULL_CONVERSION = YES;
				CLANG_WARN_OBJC_IMPLICIT_RETAIN_SELF = YES;
				CLANG_WARN_OBJC_LITERAL_CONVERSION = YES;
				CLANG_WARN_OBJC_ROOT_CLASS = YES_ERROR;
				CLANG_WARN_QUOTED_INCLUDE_IN_FRAMEWORK_HEADER = YES;
				CLANG_WARN_RANGE_LOOP_ANALYSIS = YES;
				CLANG_WARN_STRICT_PROTOTYPES = YES;
				CLANG_WARN_SUSPICIOUS_MOVE = YES;
				CLANG_WARN_UNGUARDED_AVAILABILITY = YES_AGGRESSIVE;
				CLANG_WARN_UNREACHABLE_CODE = YES;
				CLANG_WARN__DUPLICATE_METHOD_MATCH = YES;
				COPY_PHASE_STRIP = NO;
				DEBUG_INFORMATION_FORMAT = dwarf;
				ENABLE_STRICT_OBJC_MSGSEND = YES;
				ENABLE_TESTABILITY = YES;
				GCC_C_LANGUAGE_STANDARD = gnu11;
				GCC_DYNAMIC_NO_PIC = NO;
				GCC_NO_COMMON_BLOCKS = YES;
				GCC_OPTIMIZATION_LEVEL = 0;
				GCC_PREPROCESSOR_DEFINITIONS = (
					"DEBUG=1",
					"$(inherited)",
				);
				GCC_WARN_64_TO_32_BIT_CONVERSION = YES;
				GCC_WARN_ABOUT_RETURN_TYPE = YES_ERROR;
				GCC_WARN_UNDECLARED_SELECTOR = YES;
				GCC_WARN_UNINITIALIZED_AUTOS = YES_AGGRESSIVE;
				GCC_WARN_UNUSED_FUNCTION = YES;
				GCC_WARN_UNUSED_VARIABLE = YES;
				IPHONEOS_DEPLOYMENT_TARGET = 14.2;
				MTL_ENABLE_DEBUG_INFO = INCLUDE_SOURCE;
				MTL_FAST_MATH = YES;
				ONLY_ACTIVE_ARCH = YES;
				SDKROOT = iphoneos;
				SWIFT_ACTIVE_COMPILATION_CONDITIONS = DEBUG;
				SWIFT_OPTIMIZATION_LEVEL = "-Onone";
			};
			name = Debug;
		};
		2A93CEFB25923EF900431A1C /* Release */ = {
			isa = XCBuildConfiguration;
			buildSettings = {
				ALWAYS_SEARCH_USER_PATHS = NO;
				CLANG_ANALYZER_NONNULL = YES;
				CLANG_ANALYZER_NUMBER_OBJECT_CONVERSION = YES_AGGRESSIVE;
				CLANG_CXX_LANGUAGE_STANDARD = "gnu++14";
				CLANG_CXX_LIBRARY = "libc++";
				CLANG_ENABLE_MODULES = YES;
				CLANG_ENABLE_OBJC_ARC = YES;
				CLANG_ENABLE_OBJC_WEAK = YES;
				CLANG_WARN_BLOCK_CAPTURE_AUTORELEASING = YES;
				CLANG_WARN_BOOL_CONVERSION = YES;
				CLANG_WARN_COMMA = YES;
				CLANG_WARN_CONSTANT_CONVERSION = YES;
				CLANG_WARN_DEPRECATED_OBJC_IMPLEMENTATIONS = YES;
				CLANG_WARN_DIRECT_OBJC_ISA_USAGE = YES_ERROR;
				CLANG_WARN_DOCUMENTATION_COMMENTS = YES;
				CLANG_WARN_EMPTY_BODY = YES;
				CLANG_WARN_ENUM_CONVERSION = YES;
				CLANG_WARN_INFINITE_RECURSION = YES;
				CLANG_WARN_INT_CONVERSION = YES;
				CLANG_WARN_NON_LITERAL_NULL_CONVERSION = YES;
				CLANG_WARN_OBJC_IMPLICIT_RETAIN_SELF = YES;
				CLANG_WARN_OBJC_LITERAL_CONVERSION = YES;
				CLANG_WARN_OBJC_ROOT_CLASS = YES_ERROR;
				CLANG_WARN_QUOTED_INCLUDE_IN_FRAMEWORK_HEADER = YES;
				CLANG_WARN_RANGE_LOOP_ANALYSIS = YES;
				CLANG_WARN_STRICT_PROTOTYPES = YES;
				CLANG_WARN_SUSPICIOUS_MOVE = YES;
				CLANG_WARN_UNGUARDED_AVAILABILITY = YES_AGGRESSIVE;
				CLANG_WARN_UNREACHABLE_CODE = YES;
				CLANG_WARN__DUPLICATE_METHOD_MATCH = YES;
				COPY_PHASE_STRIP = NO;
				DEBUG_INFORMATION_FORMAT = "dwarf-with-dsym";
				ENABLE_NS_ASSERTIONS = NO;
				ENABLE_STRICT_OBJC_MSGSEND = YES;
				GCC_C_LANGUAGE_STANDARD = gnu11;
				GCC_NO_COMMON_BLOCKS = YES;
				GCC_WARN_64_TO_32_BIT_CONVERSION = YES;
				GCC_WARN_ABOUT_RETURN_TYPE = YES_ERROR;
				GCC_WARN_UNDECLARED_SELECTOR = YES;
				GCC_WARN_UNINITIALIZED_AUTOS = YES_AGGRESSIVE;
				GCC_WARN_UNUSED_FUNCTION = YES;
				GCC_WARN_UNUSED_VARIABLE = YES;
				IPHONEOS_DEPLOYMENT_TARGET = 14.2;
				MTL_ENABLE_DEBUG_INFO = NO;
				MTL_FAST_MATH = YES;
				SDKROOT = iphoneos;
				SWIFT_COMPILATION_MODE = wholemodule;
				SWIFT_OPTIMIZATION_LEVEL = "-O";
				VALIDATE_PRODUCT = YES;
			};
			name = Release;
		};
		2A93CEFD25923EF900431A1C /* Debug */ = {
			isa = XCBuildConfiguration;
			baseConfigurationReference = 6C1A9A092E7507916B288014 /* Pods-B2Care.debug.xcconfig */;
			buildSettings = {
				ASSETCATALOG_COMPILER_APPICON_NAME = AppIcon;
				ASSETCATALOG_COMPILER_GLOBAL_ACCENT_COLOR_NAME = AccentColor;
				CODE_SIGN_STYLE = Automatic;
				DEVELOPMENT_ASSET_PATHS = "";
				DEVELOPMENT_TEAM = KTKLA8BQVT;
				INFOPLIST_FILE = B2Care/Info.plist;
				LD_RUNPATH_SEARCH_PATHS = (
					"$(inherited)",
					"@executable_path/Frameworks",
				);
				PRODUCT_BUNDLE_IDENTIFIER = cz.jkrahulec.B2Care;
				PRODUCT_NAME = "$(TARGET_NAME)";
				SWIFT_VERSION = 5.0;
				TARGETED_DEVICE_FAMILY = "1,2";
			};
			name = Debug;
		};
		2A93CEFE25923EF900431A1C /* Release */ = {
			isa = XCBuildConfiguration;
			baseConfigurationReference = CD563619FBD6ECE4579FCEF2 /* Pods-B2Care.release.xcconfig */;
			buildSettings = {
				ASSETCATALOG_COMPILER_APPICON_NAME = AppIcon;
				ASSETCATALOG_COMPILER_GLOBAL_ACCENT_COLOR_NAME = AccentColor;
				CODE_SIGN_STYLE = Automatic;
				DEVELOPMENT_ASSET_PATHS = "";
				DEVELOPMENT_TEAM = KTKLA8BQVT;
				INFOPLIST_FILE = B2Care/Info.plist;
				LD_RUNPATH_SEARCH_PATHS = (
					"$(inherited)",
					"@executable_path/Frameworks",
				);
				PRODUCT_BUNDLE_IDENTIFIER = cz.jkrahulec.B2Care;
				PRODUCT_NAME = "$(TARGET_NAME)";
				SWIFT_VERSION = 5.0;
				TARGETED_DEVICE_FAMILY = "1,2";
			};
			name = Release;
		};
/* End XCBuildConfiguration section */

/* Begin XCConfigurationList section */
		2A93CEE325923EF700431A1C /* Build configuration list for PBXProject "B2Care" */ = {
			isa = XCConfigurationList;
			buildConfigurations = (
				2A93CEFA25923EF900431A1C /* Debug */,
				2A93CEFB25923EF900431A1C /* Release */,
			);
			defaultConfigurationIsVisible = 0;
			defaultConfigurationName = Release;
		};
		2A93CEFC25923EF900431A1C /* Build configuration list for PBXNativeTarget "B2Care" */ = {
			isa = XCConfigurationList;
			buildConfigurations = (
				2A93CEFD25923EF900431A1C /* Debug */,
				2A93CEFE25923EF900431A1C /* Release */,
			);
			defaultConfigurationIsVisible = 0;
			defaultConfigurationName = Release;
		};
/* End XCConfigurationList section */
	};
	rootObject = 2A93CEE025923EF700431A1C /* Project object */;
}
