// !$*UTF8*$!
{
	archiveVersion = 1;
	classes = {
	};
	objectVersion = 50;
	objects = {

/* Begin PBXBuildFile section */
		2A93CEEC25923EF700431A1C /* AppDelegate.swift in Sources */ = {isa = PBXBuildFile; fileRef = 2A93CEEB25923EF700431A1C /* AppDelegate.swift */; };
		2A93CEEE25923EF700431A1C /* SceneDelegate.swift in Sources */ = {isa = PBXBuildFile; fileRef = 2A93CEED25923EF700431A1C /* SceneDelegate.swift */; };
		2A93CEF025923EF700431A1C /* ViewController.swift in Sources */ = {isa = PBXBuildFile; fileRef = 2A93CEEF25923EF700431A1C /* ViewController.swift */; };
		2A93CEF325923EF700431A1C /* Main.storyboard in Resources */ = {isa = PBXBuildFile; fileRef = 2A93CEF125923EF700431A1C /* Main.storyboard */; };
		2A93CEF525923EF900431A1C /* Assets.xcassets in Resources */ = {isa = PBXBuildFile; fileRef = 2A93CEF425923EF900431A1C /* Assets.xcassets */; };
		2A93CEF825923EF900431A1C /* LaunchScreen.storyboard in Resources */ = {isa = PBXBuildFile; fileRef = 2A93CEF625923EF900431A1C /* LaunchScreen.storyboard */; };
		61003584433EE3661080D064 /* Pods_B2Care.framework in Frameworks */ = {isa = PBXBuildFile; fileRef = E455FD23A50361EFB84DEB6E /* Pods_B2Care.framework */; };
/* End PBXBuildFile section */

/* Begin PBXFileReference section */
		2A7F09B3AF0E1BD56F8CF54D /* Pods-B2Care.debug.xcconfig */ = {isa = PBXFileReference; includeInIndex = 1; lastKnownFileType = text.xcconfig; name = "Pods-B2Care.debug.xcconfig"; path = "Target Support Files/Pods-B2Care/Pods-B2Care.debug.xcconfig"; sourceTree = "<group>"; };
		2A93CEE825923EF700431A1C /* B2Care.app */ = {isa = PBXFileReference; explicitFileType = wrapper.application; includeInIndex = 0; path = B2Care.app; sourceTree = BUILT_PRODUCTS_DIR; };
		2A93CEEB25923EF700431A1C /* AppDelegate.swift */ = {isa = PBXFileReference; lastKnownFileType = sourcecode.swift; path = AppDelegate.swift; sourceTree = "<group>"; };
		2A93CEED25923EF700431A1C /* SceneDelegate.swift */ = {isa = PBXFileReference; lastKnownFileType = sourcecode.swift; path = SceneDelegate.swift; sourceTree = "<group>"; };
		2A93CEEF25923EF700431A1C /* ViewController.swift */ = {isa = PBXFileReference; lastKnownFileType = sourcecode.swift; path = ViewController.swift; sourceTree = "<group>"; };
		2A93CEF225923EF700431A1C /* Base */ = {isa = PBXFileReference; lastKnownFileType = file.storyboard; name = Base; path = Base.lproj/Main.storyboard; sourceTree = "<group>"; };
		2A93CEF425923EF900431A1C /* Assets.xcassets */ = {isa = PBXFileReference; lastKnownFileType = folder.assetcatalog; path = Assets.xcassets; sourceTree = "<group>"; };
		2A93CEF725923EF900431A1C /* Base */ = {isa = PBXFileReference; lastKnownFileType = file.storyboard; name = Base; path = Base.lproj/LaunchScreen.storyboard; sourceTree = "<group>"; };
		2A93CEF925923EF900431A1C /* Info.plist */ = {isa = PBXFileReference; lastKnownFileType = text.plist.xml; path = Info.plist; sourceTree = "<group>"; };
		4A03E88542570AD9C0E7D529 /* Pods-B2Care.release.xcconfig */ = {isa = PBXFileReference; includeInIndex = 1; lastKnownFileType = text.xcconfig; name = "Pods-B2Care.release.xcconfig"; path = "Target Support Files/Pods-B2Care/Pods-B2Care.release.xcconfig"; sourceTree = "<group>"; };
		E455FD23A50361EFB84DEB6E /* Pods_B2Care.framework */ = {isa = PBXFileReference; explicitFileType = wrapper.framework; includeInIndex = 0; path = Pods_B2Care.framework; sourceTree = BUILT_PRODUCTS_DIR; };
/* End PBXFileReference section */

/* Begin PBXFrameworksBuildPhase section */
		2A93CEE525923EF700431A1C /* Frameworks */ = {
			isa = PBXFrameworksBuildPhase;
			buildActionMask = 2147483647;
			files = (
				61003584433EE3661080D064 /* Pods_B2Care.framework in Frameworks */,
			);
			runOnlyForDeploymentPostprocessing = 0;
		};
/* End PBXFrameworksBuildPhase section */

/* Begin PBXGroup section */
		2A93CEDF25923EF700431A1C = {
			isa = PBXGroup;
			children = (
				2A93CEEA25923EF700431A1C /* B2Care */,
				2A93CEE925923EF700431A1C /* Products */,
				CA971F39D8A1ABEFDDD18787 /* Pods */,
				D16EC7817FCFFBB3F7A92DF3 /* Frameworks */,
			);
			sourceTree = "<group>";
		};
		2A93CEE925923EF700431A1C /* Products */ = {
			isa = PBXGroup;
			children = (
				2A93CEE825923EF700431A1C /* B2Care.app */,
			);
			name = Products;
			sourceTree = "<group>";
		};
		2A93CEEA25923EF700431A1C /* B2Care */ = {
			isa = PBXGroup;
			children = (
				2A93CEEB25923EF700431A1C /* AppDelegate.swift */,
				2A93CEED25923EF700431A1C /* SceneDelegate.swift */,
				2A93CEEF25923EF700431A1C /* ViewController.swift */,
				2A93CEF125923EF700431A1C /* Main.storyboard */,
				2A93CEF425923EF900431A1C /* Assets.xcassets */,
				2A93CEF625923EF900431A1C /* LaunchScreen.storyboard */,
				2A93CEF925923EF900431A1C /* Info.plist */,
			);
			path = B2Care;
			sourceTree = "<group>";
		};
		CA971F39D8A1ABEFDDD18787 /* Pods */ = {
			isa = PBXGroup;
			children = (
				2A7F09B3AF0E1BD56F8CF54D /* Pods-B2Care.debug.xcconfig */,
				4A03E88542570AD9C0E7D529 /* Pods-B2Care.release.xcconfig */,
			);
			name = Pods;
			path = Pods;
			sourceTree = "<group>";
		};
		D16EC7817FCFFBB3F7A92DF3 /* Frameworks */ = {
			isa = PBXGroup;
			children = (
				E455FD23A50361EFB84DEB6E /* Pods_B2Care.framework */,
			);
			name = Frameworks;
			sourceTree = "<group>";
		};
/* End PBXGroup section */

/* Begin PBXNativeTarget section */
		2A93CEE725923EF700431A1C /* B2Care */ = {
			isa = PBXNativeTarget;
			buildConfigurationList = 2A93CEFC25923EF900431A1C /* Build configuration list for PBXNativeTarget "B2Care" */;
			buildPhases = (
				198043360072CEA15853F957 /* [CP] Check Pods Manifest.lock */,
				2A93CEE425923EF700431A1C /* Sources */,
				2A93CEE525923EF700431A1C /* Frameworks */,
				2A93CEE625923EF700431A1C /* Resources */,
				D72EEBED152A1FBFE9685A11 /* [CP] Embed Pods Frameworks */,
			);
			buildRules = (
			);
			dependencies = (
			);
			name = B2Care;
			productName = B2Care;
			productReference = 2A93CEE825923EF700431A1C /* B2Care.app */;
			productType = "com.apple.product-type.application";
		};
/* End PBXNativeTarget section */

/* Begin PBXProject section */
		2A93CEE025923EF700431A1C /* Project object */ = {
			isa = PBXProject;
			attributes = {
				LastSwiftUpdateCheck = 1220;
				LastUpgradeCheck = 1220;
				TargetAttributes = {
					2A93CEE725923EF700431A1C = {
						CreatedOnToolsVersion = 12.2;
					};
				};
			};
			buildConfigurationList = 2A93CEE325923EF700431A1C /* Build configuration list for PBXProject "B2Care" */;
			compatibilityVersion = "Xcode 9.3";
			developmentRegion = en;
			hasScannedForEncodings = 0;
			knownRegions = (
				en,
				Base,
			);
			mainGroup = 2A93CEDF25923EF700431A1C;
			productRefGroup = 2A93CEE925923EF700431A1C /* Products */;
			projectDirPath = "";
			projectRoot = "";
			targets = (
				2A93CEE725923EF700431A1C /* B2Care */,
			);
		};
/* End PBXProject section */

/* Begin PBXResourcesBuildPhase section */
		2A93CEE625923EF700431A1C /* Resources */ = {
			isa = PBXResourcesBuildPhase;
			buildActionMask = 2147483647;
			files = (
				2A93CEF825923EF900431A1C /* LaunchScreen.storyboard in Resources */,
				2A93CEF525923EF900431A1C /* Assets.xcassets in Resources */,
				2A93CEF325923EF700431A1C /* Main.storyboard in Resources */,
			);
			runOnlyForDeploymentPostprocessing = 0;
		};
/* End PBXResourcesBuildPhase section */

/* Begin PBXShellScriptBuildPhase section */
		198043360072CEA15853F957 /* [CP] Check Pods Manifest.lock */ = {
			isa = PBXShellScriptBuildPhase;
			buildActionMask = 2147483647;
			files = (
			);
			inputFileListPaths = (
			);
			inputPaths = (
				"${PODS_PODFILE_DIR_PATH}/Podfile.lock",
				"${PODS_ROOT}/Manifest.lock",
			);
			name = "[CP] Check Pods Manifest.lock";
			outputFileListPaths = (
			);
			outputPaths = (
				"$(DERIVED_FILE_DIR)/Pods-B2Care-checkManifestLockResult.txt",
			);
			runOnlyForDeploymentPostprocessing = 0;
			shellPath = /bin/sh;
			shellScript = "diff \"${PODS_PODFILE_DIR_PATH}/Podfile.lock\" \"${PODS_ROOT}/Manifest.lock\" > /dev/null\nif [ $? != 0 ] ; then\n    # print error to STDERR\n    echo \"error: The sandbox is not in sync with the Podfile.lock. Run 'pod install' or update your CocoaPods installation.\" >&2\n    exit 1\nfi\n# This output is used by Xcode 'outputs' to avoid re-running this script phase.\necho \"SUCCESS\" > \"${SCRIPT_OUTPUT_FILE_0}\"\n";
			showEnvVarsInLog = 0;
		};
		D72EEBED152A1FBFE9685A11 /* [CP] Embed Pods Frameworks */ = {
			isa = PBXShellScriptBuildPhase;
			buildActionMask = 2147483647;
			files = (
			);
			inputFileListPaths = (
				"${PODS_ROOT}/Target Support Files/Pods-B2Care/Pods-B2Care-frameworks-${CONFIGURATION}-input-files.xcfilelist",
			);
			name = "[CP] Embed Pods Frameworks";
			outputFileListPaths = (
				"${PODS_ROOT}/Target Support Files/Pods-B2Care/Pods-B2Care-frameworks-${CONFIGURATION}-output-files.xcfilelist",
			);
			runOnlyForDeploymentPostprocessing = 0;
			shellPath = /bin/sh;
			shellScript = "\"${PODS_ROOT}/Target Support Files/Pods-B2Care/Pods-B2Care-frameworks.sh\"\n";
			showEnvVarsInLog = 0;
		};
/* End PBXShellScriptBuildPhase section */

/* Begin PBXSourcesBuildPhase section */
		2A93CEE425923EF700431A1C /* Sources */ = {
			isa = PBXSourcesBuildPhase;
			buildActionMask = 2147483647;
			files = (
				2A93CEF025923EF700431A1C /* ViewController.swift in Sources */,
				2A93CEEC25923EF700431A1C /* AppDelegate.swift in Sources */,
				2A93CEEE25923EF700431A1C /* SceneDelegate.swift in Sources */,
			);
			runOnlyForDeploymentPostprocessing = 0;
		};
/* End PBXSourcesBuildPhase section */

/* Begin PBXVariantGroup section */
		2A93CEF125923EF700431A1C /* Main.storyboard */ = {
			isa = PBXVariantGroup;
			children = (
				2A93CEF225923EF700431A1C /* Base */,
			);
			name = Main.storyboard;
			sourceTree = "<group>";
		};
		2A93CEF625923EF900431A1C /* LaunchScreen.storyboard */ = {
			isa = PBXVariantGroup;
			children = (
				2A93CEF725923EF900431A1C /* Base */,
			);
			name = LaunchScreen.storyboard;
			sourceTree = "<group>";
		};
/* End PBXVariantGroup section */

/* Begin XCBuildConfiguration section */
		2A93CEFA25923EF900431A1C /* Debug */ = {
			isa = XCBuildConfiguration;
			buildSettings = {
				ALWAYS_SEARCH_USER_PATHS = NO;
				CLANG_ANALYZER_NONNULL = YES;
				CLANG_ANALYZER_NUMBER_OBJECT_CONVERSION = YES_AGGRESSIVE;
				CLANG_CXX_LANGUAGE_STANDARD = "gnu++14";
				CLANG_CXX_LIBRARY = "libc++";
				CLANG_ENABLE_MODULES = YES;
				CLANG_ENABLE_OBJC_ARC = YES;
				CLANG_ENABLE_OBJC_WEAK = YES;
				CLANG_WARN_BLOCK_CAPTURE_AUTORELEASING = YES;
				CLANG_WARN_BOOL_CONVERSION = YES;
				CLANG_WARN_COMMA = YES;
				CLANG_WARN_CONSTANT_CONVERSION = YES;
				CLANG_WARN_DEPRECATED_OBJC_IMPLEMENTATIONS = YES;
				CLANG_WARN_DIRECT_OBJC_ISA_USAGE = YES_ERROR;
				CLANG_WARN_DOCUMENTATION_COMMENTS = YES;
				CLANG_WARN_EMPTY_BODY = YES;
				CLANG_WARN_ENUM_CONVERSION = YES;
				CLANG_WARN_INFINITE_RECURSION = YES;
				CLANG_WARN_INT_CONVERSION = YES;
				CLANG_WARN_NON_LITERAL_NULL_CONVERSION = YES;
				CLANG_WARN_OBJC_IMPLICIT_RETAIN_SELF = YES;
				CLANG_WARN_OBJC_LITERAL_CONVERSION = YES;
				CLANG_WARN_OBJC_ROOT_CLASS = YES_ERROR;
				CLANG_WARN_QUOTED_INCLUDE_IN_FRAMEWORK_HEADER = YES;
				CLANG_WARN_RANGE_LOOP_ANALYSIS = YES;
				CLANG_WARN_STRICT_PROTOTYPES = YES;
				CLANG_WARN_SUSPICIOUS_MOVE = YES;
				CLANG_WARN_UNGUARDED_AVAILABILITY = YES_AGGRESSIVE;
				CLANG_WARN_UNREACHABLE_CODE = YES;
				CLANG_WARN__DUPLICATE_METHOD_MATCH = YES;
				COPY_PHASE_STRIP = NO;
				DEBUG_INFORMATION_FORMAT = dwarf;
				ENABLE_STRICT_OBJC_MSGSEND = YES;
				ENABLE_TESTABILITY = YES;
				GCC_C_LANGUAGE_STANDARD = gnu11;
				GCC_DYNAMIC_NO_PIC = NO;
				GCC_NO_COMMON_BLOCKS = YES;
				GCC_OPTIMIZATION_LEVEL = 0;
				GCC_PREPROCESSOR_DEFINITIONS = (
					"DEBUG=1",
					"$(inherited)",
				);
				GCC_WARN_64_TO_32_BIT_CONVERSION = YES;
				GCC_WARN_ABOUT_RETURN_TYPE = YES_ERROR;
				GCC_WARN_UNDECLARED_SELECTOR = YES;
				GCC_WARN_UNINITIALIZED_AUTOS = YES_AGGRESSIVE;
				GCC_WARN_UNUSED_FUNCTION = YES;
				GCC_WARN_UNUSED_VARIABLE = YES;
				IPHONEOS_DEPLOYMENT_TARGET = 14.2;
				MTL_ENABLE_DEBUG_INFO = INCLUDE_SOURCE;
				MTL_FAST_MATH = YES;
				ONLY_ACTIVE_ARCH = YES;
				SDKROOT = iphoneos;
				SWIFT_ACTIVE_COMPILATION_CONDITIONS = DEBUG;
				SWIFT_OPTIMIZATION_LEVEL = "-Onone";
			};
			name = Debug;
		};
		2A93CEFB25923EF900431A1C /* Release */ = {
			isa = XCBuildConfiguration;
			buildSettings = {
				ALWAYS_SEARCH_USER_PATHS = NO;
				CLANG_ANALYZER_NONNULL = YES;
				CLANG_ANALYZER_NUMBER_OBJECT_CONVERSION = YES_AGGRESSIVE;
				CLANG_CXX_LANGUAGE_STANDARD = "gnu++14";
				CLANG_CXX_LIBRARY = "libc++";
				CLANG_ENABLE_MODULES = YES;
				CLANG_ENABLE_OBJC_ARC = YES;
				CLANG_ENABLE_OBJC_WEAK = YES;
				CLANG_WARN_BLOCK_CAPTURE_AUTORELEASING = YES;
				CLANG_WARN_BOOL_CONVERSION = YES;
				CLANG_WARN_COMMA = YES;
				CLANG_WARN_CONSTANT_CONVERSION = YES;
				CLANG_WARN_DEPRECATED_OBJC_IMPLEMENTATIONS = YES;
				CLANG_WARN_DIRECT_OBJC_ISA_USAGE = YES_ERROR;
				CLANG_WARN_DOCUMENTATION_COMMENTS = YES;
				CLANG_WARN_EMPTY_BODY = YES;
				CLANG_WARN_ENUM_CONVERSION = YES;
				CLANG_WARN_INFINITE_RECURSION = YES;
				CLANG_WARN_INT_CONVERSION = YES;
				CLANG_WARN_NON_LITERAL_NULL_CONVERSION = YES;
				CLANG_WARN_OBJC_IMPLICIT_RETAIN_SELF = YES;
				CLANG_WARN_OBJC_LITERAL_CONVERSION = YES;
				CLANG_WARN_OBJC_ROOT_CLASS = YES_ERROR;
				CLANG_WARN_QUOTED_INCLUDE_IN_FRAMEWORK_HEADER = YES;
				CLANG_WARN_RANGE_LOOP_ANALYSIS = YES;
				CLANG_WARN_STRICT_PROTOTYPES = YES;
				CLANG_WARN_SUSPICIOUS_MOVE = YES;
				CLANG_WARN_UNGUARDED_AVAILABILITY = YES_AGGRESSIVE;
				CLANG_WARN_UNREACHABLE_CODE = YES;
				CLANG_WARN__DUPLICATE_METHOD_MATCH = YES;
				COPY_PHASE_STRIP = NO;
				DEBUG_INFORMATION_FORMAT = "dwarf-with-dsym";
				ENABLE_NS_ASSERTIONS = NO;
				ENABLE_STRICT_OBJC_MSGSEND = YES;
				GCC_C_LANGUAGE_STANDARD = gnu11;
				GCC_NO_COMMON_BLOCKS = YES;
				GCC_WARN_64_TO_32_BIT_CONVERSION = YES;
				GCC_WARN_ABOUT_RETURN_TYPE = YES_ERROR;
				GCC_WARN_UNDECLARED_SELECTOR = YES;
				GCC_WARN_UNINITIALIZED_AUTOS = YES_AGGRESSIVE;
				GCC_WARN_UNUSED_FUNCTION = YES;
				GCC_WARN_UNUSED_VARIABLE = YES;
				IPHONEOS_DEPLOYMENT_TARGET = 14.2;
				MTL_ENABLE_DEBUG_INFO = NO;
				MTL_FAST_MATH = YES;
				SDKROOT = iphoneos;
				SWIFT_COMPILATION_MODE = wholemodule;
				SWIFT_OPTIMIZATION_LEVEL = "-O";
				VALIDATE_PRODUCT = YES;
			};
			name = Release;
		};
		2A93CEFD25923EF900431A1C /* Debug */ = {
			isa = XCBuildConfiguration;
			baseConfigurationReference = 2A7F09B3AF0E1BD56F8CF54D /* Pods-B2Care.debug.xcconfig */;
			buildSettings = {
				ASSETCATALOG_COMPILER_APPICON_NAME = AppIcon;
				ASSETCATALOG_COMPILER_GLOBAL_ACCENT_COLOR_NAME = AccentColor;
				CODE_SIGN_STYLE = Automatic;
				DEVELOPMENT_TEAM = KTKLA8BQVT;
				INFOPLIST_FILE = B2Care/Info.plist;
				LD_RUNPATH_SEARCH_PATHS = (
					"$(inherited)",
					"@executable_path/Frameworks",
				);
				PRODUCT_BUNDLE_IDENTIFIER = cz.jkrahulec.B2Care;
				PRODUCT_NAME = "$(TARGET_NAME)";
				SWIFT_VERSION = 5.0;
				TARGETED_DEVICE_FAMILY = "1,2";
			};
			name = Debug;
		};
		2A93CEFE25923EF900431A1C /* Release */ = {
			isa = XCBuildConfiguration;
			baseConfigurationReference = 4A03E88542570AD9C0E7D529 /* Pods-B2Care.release.xcconfig */;
			buildSettings = {
				ASSETCATALOG_COMPILER_APPICON_NAME = AppIcon;
				ASSETCATALOG_COMPILER_GLOBAL_ACCENT_COLOR_NAME = AccentColor;
				CODE_SIGN_STYLE = Automatic;
				DEVELOPMENT_TEAM = KTKLA8BQVT;
				INFOPLIST_FILE = B2Care/Info.plist;
				LD_RUNPATH_SEARCH_PATHS = (
					"$(inherited)",
					"@executable_path/Frameworks",
				);
				PRODUCT_BUNDLE_IDENTIFIER = cz.jkrahulec.B2Care;
				PRODUCT_NAME = "$(TARGET_NAME)";
				SWIFT_VERSION = 5.0;
				TARGETED_DEVICE_FAMILY = "1,2";
			};
			name = Release;
		};
/* End XCBuildConfiguration section */

/* Begin XCConfigurationList section */
		2A93CEE325923EF700431A1C /* Build configuration list for PBXProject "B2Care" */ = {
			isa = XCConfigurationList;
			buildConfigurations = (
				2A93CEFA25923EF900431A1C /* Debug */,
				2A93CEFB25923EF900431A1C /* Release */,
			);
			defaultConfigurationIsVisible = 0;
			defaultConfigurationName = Release;
		};
		2A93CEFC25923EF900431A1C /* Build configuration list for PBXNativeTarget "B2Care" */ = {
			isa = XCConfigurationList;
			buildConfigurations = (
				2A93CEFD25923EF900431A1C /* Debug */,
				2A93CEFE25923EF900431A1C /* Release */,
			);
			defaultConfigurationIsVisible = 0;
			defaultConfigurationName = Release;
		};
/* End XCConfigurationList section */
	};
	rootObject = 2A93CEE025923EF700431A1C /* Project object */;
}
